PODS:
  - Flutter (1.0.0)
  - sign_in_with_apple (0.0.1):
    - Flutter

DEPENDENCIES:
  - Flutter (from `Flutter`)
  - sign_in_with_apple (from `.symlinks/plugins/sign_in_with_apple/ios`)

EXTERNAL SOURCES:
  Flutter:
    :path: Flutter
  sign_in_with_apple:
    :path: ".symlinks/plugins/sign_in_with_apple/ios"

SPEC CHECKSUMS:
  Flutter: e0871f40cf51350855a761d2e70bf5af5b9b5de7
  sign_in_with_apple: f3bf75217ea4c2c8b91823f225d70230119b8440

PODFILE CHECKSUM: 1e1f157c1a20c6bac7abde50f6d1e11fbeac5303

COCOAPODS: 1.11.2
