PODS:
  - FlutterMacOS (1.0.0)
  - sign_in_with_apple (0.0.1):
    - Flutter
    - FlutterMacOS

DEPENDENCIES:
  - FlutterMacOS (from `Flutter/ephemeral`)
  - sign_in_with_apple (from `Flutter/ephemeral/.symlinks/plugins/sign_in_with_apple/darwin`)

EXTERNAL SOURCES:
  FlutterMacOS:
    :path: Flutter/ephemeral
  sign_in_with_apple:
    :path: Flutter/ephemeral/.symlinks/plugins/sign_in_with_apple/darwin

SPEC CHECKSUMS:
  FlutterMacOS: 8f6f14fa908a6fb3fba0cd85dbd81ec4b251fb24
  sign_in_with_apple: 5e34677a4e74c5f42760f41b3bbe05343e84d171

PODFILE CHECKSUM: 3961148285afd236ca4c6bba7a13f4b3346b14ae

COCOAPODS: 1.16.2
