PODS:
  - Flutter (1.0.0)
  - sign_in_with_apple (0.0.1):
    - Flutter

DEPENDENCIES:
  - Flutter (from `Flutter`)
  - sign_in_with_apple (from `.symlinks/plugins/sign_in_with_apple/ios`)

EXTERNAL SOURCES:
  Flutter:
    :path: Flutter
  sign_in_with_apple:
    :path: ".symlinks/plugins/sign_in_with_apple/ios"

SPEC CHECKSUMS:
  Flutter: 434fef37c0980e73bb6479ef766c45957d4b510c
  sign_in_with_apple: 34f3f5456a45fd7ac5fb42905e2ad31dae061b4a

PODFILE CHECKSUM: a75497545d4391e2d394c3668e20cfb1c2bbd4aa

COCOAPODS: 1.10.1
